
Microsoft Visual Studio Solution File, Format Version 12.00
# Visual Studio Version 16
VisualStudioVersion = 16.0.30907.101
MinimumVisualStudioVersion = 10.0.40219.1
Project("{9A19103F-16F7-4668-BE54-9A1E7A4F7556}") = "BusinessRuleCompiler", "BusinessRuleCompiler\BusinessRuleCompiler.csproj", "{D0B1C575-ADCB-4908-9736-3216F532974D}"
EndProject
Project("{FAE04EC0-301F-11D3-BF4B-00C04F79EFBC}") = "BusinessRuleCompilerTests", "BusinessRuleCompilerTests\BusinessRuleCompilerTests.csproj", "{99911FB6-771F-484D-801E-BC989157A910}"
EndProject
Global
	GlobalSection(SolutionConfigurationPlatforms) = preSolution
		Debug|Any CPU = Debug|Any CPU
		Release|Any CPU = Release|Any CPU
	EndGlobalSection
	GlobalSection(ProjectConfigurationPlatforms) = postSolution
		{D0B1C575-ADCB-4908-9736-3216F532974D}.Debug|Any CPU.ActiveCfg = Debug|Any CPU
		{D0B1C575-ADCB-4908-9736-3216F532974D}.Debug|Any CPU.Build.0 = Debug|Any CPU
		{D0B1C575-ADCB-4908-9736-3216F532974D}.Release|Any CPU.ActiveCfg = Release|Any CPU
		{D0B1C575-ADCB-4908-9736-3216F532974D}.Release|Any CPU.Build.0 = Release|Any CPU
		{99911FB6-771F-484D-801E-BC989157A910}.Debug|Any CPU.ActiveCfg = Debug|Any CPU
		{99911FB6-771F-484D-801E-BC989157A910}.Debug|Any CPU.Build.0 = Debug|Any CPU
		{99911FB6-771F-484D-801E-BC989157A910}.Release|Any CPU.ActiveCfg = Release|Any CPU
		{99911FB6-771F-484D-801E-BC989157A910}.Release|Any CPU.Build.0 = Release|Any CPU
	EndGlobalSection
	GlobalSection(SolutionProperties) = preSolution
		HideSolutionNode = FALSE
	EndGlobalSection
	GlobalSection(ExtensibilityGlobals) = postSolution
		SolutionGuid = {5E4B828F-8EA1-4A6F-B0F2-06236CE5249D}
	EndGlobalSection
EndGlobal
